#MicroXplorer Configuration settings - do not modify
Mcu.Family=STM32F4
ProjectManager.MainLocation=Core/Src
ProjectManager.ProjectFileName=floorplanning.ioc
PH0-OSC_IN.Signal=RCC_OSC_IN
RCC.CortexFreq_Value=16000000
PA7.Mode=RMII
ProjectManager.KeepUserCode=true
PA10.Mode=Asynchronous
Mcu.UserName=STM32F407VETx
Mcu.PinsNb=17
ProjectManager.NoMain=false
RCC.PLLCLKFreq_Value=96000000
RCC.PLLQCLKFreq_Value=48000000
ProjectManager.functionlistsort=
PC4.Signal=ETH_RXD0
RCC.RTCFreq_Value=32000
ProjectManager.DefaultFWLocation=true
ProjectManager.DeletePrevious=true
PC5.Mode=RMII
USART1.IPParameters=VirtualMode
PB11.Signal=ETH_TX_EN
PB13.Signal=ETH_TXD1
PinOutPanel.RotationAngle=0
RCC.FamilyName=M
ProjectManager.StackSize=0x400
ETH.IPParameters=MediaInterface
PA13.Signal=SYS_JTMS-SWDIO
Mcu.IP4=USART1
NVIC.SVCall_IRQn=true\:0\:0\:false\:false\:true\:false\:false
Mcu.IP2=RCC
Mcu.IP3=SYS
Mcu.IP0=ETH
PA9.Mode=Asynchronous
Mcu.IP1=NVIC
Mcu.UserConstants=
PB11.Mode=RMII
ProjectManager.TargetToolchain=EWARM V8.32
Mcu.ThirdPartyNb=0
Mcu.IPNb=5
RCC.I2SClocksFreq_Value=96000000
ProjectManager.PreviousToolchain=
PA9.Signal=USART1_TX
RCC.VcooutputI2S=96000000
Mcu.Pin6=PC4
Mcu.Pin7=PC5
ProjectManager.RegisterCallBack=
Mcu.Pin8=PB11
Mcu.Pin9=PB12
RCC.LSE_VALUE=32768
PA1.Signal=ETH_REF_CLK
RCC.AHBFreq_Value=16000000
PH0-OSC_IN.Mode=HSE-External-Clock-Source
Mcu.Pin0=PH0-OSC_IN
Mcu.Pin1=PH1-OSC_OUT
GPIO.groupedBy=
Mcu.Pin2=PC1
Mcu.Pin3=PA1
Mcu.Pin4=PA2
RCC.VCOI2SOutputFreq_Value=192000000
Mcu.Pin5=PA7
ProjectManager.ProjectBuild=false
RCC.HSE_VALUE=25000000
NVIC.UsageFault_IRQn=true\:0\:0\:false\:false\:true\:false\:false
NVIC.DebugMonitor_IRQn=true\:0\:0\:false\:false\:true\:false\:false
board=custom
RCC.VCOOutputFreq_Value=192000000
NVIC.SysTick_IRQn=true\:0\:0\:false\:false\:true\:false\:true
ProjectManager.LastFirmware=true
ProjectManager.FirmwarePackage=STM32Cube FW_F4 V1.25.2
MxDb.Version=DB.6.0.10
RCC.APB2Freq_Value=16000000
PA1.Mode=RMII
ProjectManager.BackupPrevious=false
MxCube.Version=6.1.0
RCC.VCOInputFreq_Value=1000000
PA14.Mode=Serial_Wire
File.Version=6
VP_SYS_VS_Systick.Mode=SysTick
PH1-OSC_OUT.Signal=RCC_OSC_OUT
NVIC.NonMaskableInt_IRQn=true\:0\:0\:false\:false\:true\:false\:false
PA8.Signal=RCC_MCO_1
NVIC.PendSV_IRQn=true\:0\:0\:false\:false\:true\:false\:false
PA13.Mode=Serial_Wire
ProjectManager.FreePins=false
RCC.IPParameters=AHBFreq_Value,APB1Freq_Value,APB2Freq_Value,CortexFreq_Value,FamilyName,HSE_VALUE,HSI_VALUE,I2SClocksFreq_Value,LSE_VALUE,LSI_VALUE,PLLCLKFreq_Value,PLLQCLKFreq_Value,RTCFreq_Value,RTCHSEDivFreq_Value,SYSCLKFreq_VALUE,VCOI2SOutputFreq_Value,VCOInputFreq_Value,VCOOutputFreq_Value,VcooutputI2S
ProjectManager.AskForMigrate=true
Mcu.Name=STM32F407V(E-G)Tx
ProjectManager.HalAssertFull=false
RCC.RTCHSEDivFreq_Value=12500000
PA2.Signal=ETH_MDIO
ProjectManager.ProjectName=floorplanning
ProjectManager.UnderRoot=false
ProjectManager.CoupleFile=false
PH1-OSC_OUT.Mode=HSE-External-Clock-Source
RCC.SYSCLKFreq_VALUE=16000000
Mcu.Package=LQFP100
ETH.MediaInterface=ETH_MEDIA_INTERFACE_RMII
PB12.Mode=RMII
NVIC.ForceEnableDMAVector=true
KeepUserPlacement=false
NVIC.MemoryManagement_IRQn=true\:0\:0\:false\:false\:true\:false\:false
USART1.VirtualMode=VM_ASYNC
ProjectManager.CompilerOptimize=6
ProjectManager.ToolChainLocation=
RCC.LSI_VALUE=32000
VP_SYS_VS_Systick.Signal=SYS_VS_Systick
PA10.Signal=USART1_RX
PA14.Signal=SYS_JTCK-SWCLK
ProjectManager.HeapSize=0x200
Mcu.Pin15=PA14
NVIC.HardFault_IRQn=true\:0\:0\:false\:false\:true\:false\:false
Mcu.Pin16=VP_SYS_VS_Systick
Mcu.Pin13=PA10
Mcu.Pin14=PA13
ProjectManager.ComputerToolchain=false
RCC.HSI_VALUE=16000000
NVIC.PriorityGroup=NVIC_PRIORITYGROUP_4
Mcu.Pin11=PA8
Mcu.Pin12=PA9
Mcu.Pin10=PB13
PA2.Mode=RMII
NVIC.BusFault_IRQn=true\:0\:0\:false\:false\:true\:false\:false
PA8.Mode=Clock-out-1
PC5.Signal=ETH_RXD1
PB13.Mode=RMII
RCC.APB1Freq_Value=16000000
ProjectManager.CustomerFirmwarePackage=
ProjectManager.DeviceId=STM32F407VETx
PC1.Signal=ETH_MDC
PB12.Signal=ETH_TXD0
ProjectManager.LibraryCopy=0
PC4.Mode=RMII
PC1.Mode=RMII
PA7.Signal=ETH_CRS_DV
